
Microsoft Visual Studio Solution File, Format Version 12.00
# Visual Studio Version 16
VisualStudioVersion = 16.0.31005.135
MinimumVisualStudioVersion = 10.0.40219.1
Project("{8BC9CEB8-8B4A-11D0-8D11-00A0C91BC942}") = "Shannon–Fano_Coding", "Shannon–Fano_Coding.vcxproj", "{F946A7A7-89A7-475A-ABAB-1A73EBBD137C}"
EndProject
Project("{8BC9CEB8-8B4A-11D0-8D11-00A0C91BC942}") = "UnitTest_Shannon-Fano_Coding", "..\UnitTest_Shannon-Fano_Coding\UnitTest_Shannon-Fano_Coding.vcxproj", "{3CBE637B-0688-4D4D-86B4-74108FEBB018}"
EndProject
Global
	GlobalSection(SolutionConfigurationPlatforms) = preSolution
		Debug|x64 = Debug|x64
		Debug|x86 = Debug|x86
		Release|x64 = Release|x64
		Release|x86 = Release|x86
	EndGlobalSection
	GlobalSection(ProjectConfigurationPlatforms) = postSolution
		{F946A7A7-89A7-475A-ABAB-1A73EBBD137C}.Debug|x64.ActiveCfg = Debug|x64
		{F946A7A7-89A7-475A-ABAB-1A73EBBD137C}.Debug|x64.Build.0 = Debug|x64
		{F946A7A7-89A7-475A-ABAB-1A73EBBD137C}.Debug|x86.ActiveCfg = Debug|Win32
		{F946A7A7-89A7-475A-ABAB-1A73EBBD137C}.Debug|x86.Build.0 = Debug|Win32
		{F946A7A7-89A7-475A-ABAB-1A73EBBD137C}.Release|x64.ActiveCfg = Release|x64
		{F946A7A7-89A7-475A-ABAB-1A73EBBD137C}.Release|x64.Build.0 = Release|x64
		{F946A7A7-89A7-475A-ABAB-1A73EBBD137C}.Release|x86.ActiveCfg = Release|Win32
		{F946A7A7-89A7-475A-ABAB-1A73EBBD137C}.Release|x86.Build.0 = Release|Win32
		{3CBE637B-0688-4D4D-86B4-74108FEBB018}.Debug|x64.ActiveCfg = Debug|x64
		{3CBE637B-0688-4D4D-86B4-74108FEBB018}.Debug|x64.Build.0 = Debug|x64
		{3CBE637B-0688-4D4D-86B4-74108FEBB018}.Debug|x86.ActiveCfg = Debug|Win32
		{3CBE637B-0688-4D4D-86B4-74108FEBB018}.Debug|x86.Build.0 = Debug|Win32
		{3CBE637B-0688-4D4D-86B4-74108FEBB018}.Release|x64.ActiveCfg = Release|x64
		{3CBE637B-0688-4D4D-86B4-74108FEBB018}.Release|x64.Build.0 = Release|x64
		{3CBE637B-0688-4D4D-86B4-74108FEBB018}.Release|x86.ActiveCfg = Release|Win32
		{3CBE637B-0688-4D4D-86B4-74108FEBB018}.Release|x86.Build.0 = Release|Win32
	EndGlobalSection
	GlobalSection(SolutionProperties) = preSolution
		HideSolutionNode = FALSE
	EndGlobalSection
	GlobalSection(ExtensibilityGlobals) = postSolution
		SolutionGuid = {B7066125-8F5F-43CE-8B8F-C29B523A8E8E}
	EndGlobalSection
EndGlobal
